// !$*UTF8*$!
{
	archiveVersion = 1;
	classes = {
	};
	objectVersion = 51;
	objects = {

/* Begin PBXBuildFile section */
		845FB1C9259B2C3E00CEACA5 /* AppDelegate.swift in Sources */ = {isa = PBXBuildFile; fileRef = 845FB1C8259B2C3E00CEACA5 /* AppDelegate.swift */; };
		845FB1CB259B2C3E00CEACA5 /* SceneDelegate.swift in Sources */ = {isa = PBXBuildFile; fileRef = 845FB1CA259B2C3E00CEACA5 /* SceneDelegate.swift */; };
		845FB1CD259B2C3E00CEACA5 /* ViewController.swift in Sources */ = {isa = PBXBuildFile; fileRef = 845FB1CC259B2C3E00CEACA5 /* ViewController.swift */; };
		845FB1D0259B2C3E00CEACA5 /* Main.storyboard in Resources */ = {isa = PBXBuildFile; fileRef = 845FB1CE259B2C3E00CEACA5 /* Main.storyboard */; };
		845FB1D3259B2C3E00CEACA5 /* CosmeticsDemo.xcdatamodeld in Sources */ = {isa = PBXBuildFile; fileRef = 845FB1D1259B2C3E00CEACA5 /* CosmeticsDemo.xcdatamodeld */; };
		845FB1D5259B2C4100CEACA5 /* Assets.xcassets in Resources */ = {isa = PBXBuildFile; fileRef = 845FB1D4259B2C4100CEACA5 /* Assets.xcassets */; };
		845FB1D8259B2C4100CEACA5 /* LaunchScreen.storyboard in Resources */ = {isa = PBXBuildFile; fileRef = 845FB1D6259B2C4100CEACA5 /* LaunchScreen.storyboard */; };
		845FB1E3259B2C4100CEACA5 /* CosmeticsDemoTests.swift in Sources */ = {isa = PBXBuildFile; fileRef = 845FB1E2259B2C4100CEACA5 /* CosmeticsDemoTests.swift */; };
		845FB1EE259B2C4100CEACA5 /* CosmeticsDemoUITests.swift in Sources */ = {isa = PBXBuildFile; fileRef = 845FB1ED259B2C4100CEACA5 /* CosmeticsDemoUITests.swift */; };
		845FB251259B83AE00CEACA5 /* login.png in Resources */ = {isa = PBXBuildFile; fileRef = 845FB250259B83AE00CEACA5 /* login.png */; };
		845FB259259B85D800CEACA5 /* background_image.jpg in Resources */ = {isa = PBXBuildFile; fileRef = 845FB258259B85D800CEACA5 /* background_image.jpg */; };
		845FB264259B8FF400CEACA5 /* LoginViewController.swift in Sources */ = {isa = PBXBuildFile; fileRef = 845FB263259B8FF400CEACA5 /* LoginViewController.swift */; };
		845FB269259B923000CEACA5 /* background.png in Resources */ = {isa = PBXBuildFile; fileRef = 845FB268259B923000CEACA5 /* background.png */; };
		845FB26F259B94C000CEACA5 /* RegisterViewController.swift in Sources */ = {isa = PBXBuildFile; fileRef = 845FB26E259B94C000CEACA5 /* RegisterViewController.swift */; };
		845FB277259B97BD00CEACA5 /* nangtho.jpeg in Resources */ = {isa = PBXBuildFile; fileRef = 845FB276259B97BD00CEACA5 /* nangtho.jpeg */; };
		845FB27C259B994100CEACA5 /* chungtacuahientai.jpg in Resources */ = {isa = PBXBuildFile; fileRef = 845FB27B259B994100CEACA5 /* chungtacuahientai.jpg */; };
		845FB281259B9A3B00CEACA5 /* splash.jpg in Resources */ = {isa = PBXBuildFile; fileRef = 845FB280259B9A3B00CEACA5 /* splash.jpg */; };
		845FB286259B9B4700CEACA5 /* Connect.swift in Sources */ = {isa = PBXBuildFile; fileRef = 845FB285259B9B4700CEACA5 /* Connect.swift */; };
		845FB29B259C1B1D00CEACA5 /* HomeViewController.swift in Sources */ = {isa = PBXBuildFile; fileRef = 845FB29A259C1B1D00CEACA5 /* HomeViewController.swift */; };
		845FB2A3259C7B5300CEACA5 /* chungtacuasaunay.jpg in Resources */ = {isa = PBXBuildFile; fileRef = 845FB2A2259C7B5300CEACA5 /* chungtacuasaunay.jpg */; };
		845FB2A8259C7BD900CEACA5 /* chungta.jpg in Resources */ = {isa = PBXBuildFile; fileRef = 845FB2A7259C7BD900CEACA5 /* chungta.jpg */; };
		845FB2BC259C802A00CEACA5 /* FeatureCollectionViewCell.swift in Sources */ = {isa = PBXBuildFile; fileRef = 845FB2BB259C802A00CEACA5 /* FeatureCollectionViewCell.swift */; };
		845FB2CB259C813100CEACA5 /* icSpGifts.png in Resources */ = {isa = PBXBuildFile; fileRef = 845FB2C3259C812F00CEACA5 /* icSpGifts.png */; };
		845FB2CC259C813100CEACA5 /* icSpVouchers.png in Resources */ = {isa = PBXBuildFile; fileRef = 845FB2C4259C812F00CEACA5 /* icSpVouchers.png */; };
		845FB2CD259C813100CEACA5 /* icSpVip.png in Resources */ = {isa = PBXBuildFile; fileRef = 845FB2C5259C813000CEACA5 /* icSpVip.png */; };
		845FB2CE259C813100CEACA5 /* icSpDeals.png in Resources */ = {isa = PBXBuildFile; fileRef = 845FB2C6259C813000CEACA5 /* icSpDeals.png */; };
		845FB2CF259C813100CEACA5 /* icSpKazza.png in Resources */ = {isa = PBXBuildFile; fileRef = 845FB2C7259C813000CEACA5 /* icSpKazza.png */; };
		845FB2D0259C813100CEACA5 /* icSpServices.png in Resources */ = {isa = PBXBuildFile; fileRef = 845FB2C8259C813000CEACA5 /* icSpServices.png */; };
		845FB2D1259C813100CEACA5 /* icSpCate.png in Resources */ = {isa = PBXBuildFile; fileRef = 845FB2C9259C813100CEACA5 /* icSpCate.png */; };
		845FB2D2259C813100CEACA5 /* icSpFaqs.png in Resources */ = {isa = PBXBuildFile; fileRef = 845FB2CA259C813100CEACA5 /* icSpFaqs.png */; };
		845FB2D7259C8ABC00CEACA5 /* backgroundAccount.jpg in Resources */ = {isa = PBXBuildFile; fileRef = 845FB2D6259C8ABC00CEACA5 /* backgroundAccount.jpg */; };
		845FB2DC259C8AFA00CEACA5 /* pinkBackground.jpg in Resources */ = {isa = PBXBuildFile; fileRef = 845FB2DB259C8AFA00CEACA5 /* pinkBackground.jpg */; };
		845FB2E9259C8C7800CEACA5 /* ava.png in Resources */ = {isa = PBXBuildFile; fileRef = 845FB2E8259C8C7800CEACA5 /* ava.png */; };
		845FB2EF259C8CD500CEACA5 /* AccountViewController.swift in Sources */ = {isa = PBXBuildFile; fileRef = 845FB2EE259C8CD500CEACA5 /* AccountViewController.swift */; };
		845FB2F7259D68D000CEACA5 /* mtp.jpg in Resources */ = {isa = PBXBuildFile; fileRef = 845FB2F6259D68D000CEACA5 /* mtp.jpg */; };
		845FB2FC259D77F300CEACA5 /* haitu.jpg in Resources */ = {isa = PBXBuildFile; fileRef = 845FB2FB259D77F200CEACA5 /* haitu.jpg */; };
		845FB301259D783600CEACA5 /* tuhai.jpg in Resources */ = {isa = PBXBuildFile; fileRef = 845FB300259D783600CEACA5 /* tuhai.jpg */; };
		845FB306259D7C9000CEACA5 /* anhnen.jpg in Resources */ = {isa = PBXBuildFile; fileRef = 845FB305259D7C9000CEACA5 /* anhnen.jpg */; };
		845FB30B259D7D3A00CEACA5 /* lll.jpg in Resources */ = {isa = PBXBuildFile; fileRef = 845FB30A259D7D3A00CEACA5 /* lll.jpg */; };
		845FB310259D7E3E00CEACA5 /* cochacyeuladay.jpg in Resources */ = {isa = PBXBuildFile; fileRef = 845FB30F259D7E3D00CEACA5 /* cochacyeuladay.jpg */; };
		845FB315259D7F1B00CEACA5 /* pngtree-blue-sky-white-clouds-mobile-phone-end-h5-background-image_126362.jpg in Resources */ = {isa = PBXBuildFile; fileRef = 845FB314259D7F1B00CEACA5 /* pngtree-blue-sky-white-clouds-mobile-phone-end-h5-background-image_126362.jpg */; };
		845FB31A259D7FCA00CEACA5 /* cochacyeu.jpg in Resources */ = {isa = PBXBuildFile; fileRef = 845FB319259D7FCA00CEACA5 /* cochacyeu.jpg */; };
		845FB320259DB29200CEACA5 /* TrademarkViewController.swift in Sources */ = {isa = PBXBuildFile; fileRef = 845FB31F259DB29200CEACA5 /* TrademarkViewController.swift */; };
		845FB347259DC4FC00CEACA5 /* TradeMarkCollectionViewCell.swift in Sources */ = {isa = PBXBuildFile; fileRef = 845FB346259DC4FC00CEACA5 /* TradeMarkCollectionViewCell.swift */; };
		845FB34F259DD9CD00CEACA5 /* aaa.jpg in Resources */ = {isa = PBXBuildFile; fileRef = 845FB34E259DD9CD00CEACA5 /* aaa.jpg */; };
		845FB355259EC13300CEACA5 /* CategoriesViewController.swift in Sources */ = {isa = PBXBuildFile; fileRef = 845FB354259EC13300CEACA5 /* CategoriesViewController.swift */; };
		845FB35D259EC36600CEACA5 /* pikachu.jpg in Resources */ = {isa = PBXBuildFile; fileRef = 845FB35C259EC36500CEACA5 /* pikachu.jpg */; };
		845FB364259EC59700CEACA5 /* CategoriesTableViewCell.swift in Sources */ = {isa = PBXBuildFile; fileRef = 845FB362259EC59700CEACA5 /* CategoriesTableViewCell.swift */; };
		845FB365259EC59700CEACA5 /* CategoriesTableViewCell.xib in Resources */ = {isa = PBXBuildFile; fileRef = 845FB363259EC59700CEACA5 /* CategoriesTableViewCell.xib */; };
		845FB36B259ECDC500CEACA5 /* CategoriesItem.swift in Sources */ = {isa = PBXBuildFile; fileRef = 845FB36A259ECDC500CEACA5 /* CategoriesItem.swift */; };
		845FB374259ED39100CEACA5 /* film.jpg in Resources */ = {isa = PBXBuildFile; fileRef = 845FB372259ED39000CEACA5 /* film.jpg */; };
		845FB375259ED39100CEACA5 /* film2.jpg in Resources */ = {isa = PBXBuildFile; fileRef = 845FB373259ED39100CEACA5 /* film2.jpg */; };
		84B4428625A2AFCE00F24772 /* thanhxuan.jpg in Resources */ = {isa = PBXBuildFile; fileRef = 84B4428525A2AFCD00F24772 /* thanhxuan.jpg */; };
		84B4428B25A2AFD600F24772 /* thanhxuan2.jpg in Resources */ = {isa = PBXBuildFile; fileRef = 84B4428A25A2AFD600F24772 /* thanhxuan2.jpg */; };
		84B4429025A2B17F00F24772 /* buon.jpg in Resources */ = {isa = PBXBuildFile; fileRef = 84B4428F25A2B17F00F24772 /* buon.jpg */; };
		84B4429625A2B60E00F24772 /* ProducerViewController.swift in Sources */ = {isa = PBXBuildFile; fileRef = 84B4429525A2B60E00F24772 /* ProducerViewController.swift */; };
		84B442A025A2B9F000F24772 /* ListProducerTableViewCell.swift in Sources */ = {isa = PBXBuildFile; fileRef = 84B4429E25A2B9F000F24772 /* ListProducerTableViewCell.swift */; };
		84B442A125A2B9F000F24772 /* ListProducerTableViewCell.xib in Resources */ = {isa = PBXBuildFile; fileRef = 84B4429F25A2B9F000F24772 /* ListProducerTableViewCell.xib */; };
		84B442A925A2BCC000F24772 /* Producer.swift in Sources */ = {isa = PBXBuildFile; fileRef = 84B442A825A2BCC000F24772 /* Producer.swift */; };
		84B442AF25A2CB7000F24772 /* ListProductTableViewCell.swift in Sources */ = {isa = PBXBuildFile; fileRef = 84B442AD25A2CB7000F24772 /* ListProductTableViewCell.swift */; };
		84B442B025A2CB7000F24772 /* ListProductTableViewCell.xib in Resources */ = {isa = PBXBuildFile; fileRef = 84B442AE25A2CB7000F24772 /* ListProductTableViewCell.xib */; };
		84B442B625A2D02500F24772 /* icRate.png in Resources */ = {isa = PBXBuildFile; fileRef = 84B442B425A2D02500F24772 /* icRate.png */; };
		84B442B725A2D02500F24772 /* icRateActive.png in Resources */ = {isa = PBXBuildFile; fileRef = 84B442B525A2D02500F24772 /* icRateActive.png */; };
		84B442BD25A2D19400F24772 /* Product.swift in Sources */ = {isa = PBXBuildFile; fileRef = 84B442BC25A2D19400F24772 /* Product.swift */; };
		944BA9E8EEBD6320CB4D9484 /* libPods-CosmeticsDemo-CosmeticsDemoUITests.a in Frameworks */ = {isa = PBXBuildFile; fileRef = 0D95C95B1EC994794A41A65A /* libPods-CosmeticsDemo-CosmeticsDemoUITests.a */; };
		E41CD8BDC8EA7C7BA53B2DB3 /* libPods-CosmeticsDemo.a in Frameworks */ = {isa = PBXBuildFile; fileRef = AC6ABD22365B065376A64C73 /* libPods-CosmeticsDemo.a */; };
		F1E4039673460591DD379F33 /* libPods-CosmeticsDemoTests.a in Frameworks */ = {isa = PBXBuildFile; fileRef = B4A4D3EEB4E7564125879BD9 /* libPods-CosmeticsDemoTests.a */; };
/* End PBXBuildFile section */

/* Begin PBXContainerItemProxy section */
		845FB1DF259B2C4100CEACA5 /* PBXContainerItemProxy */ = {
			isa = PBXContainerItemProxy;
			containerPortal = 845FB1BD259B2C3E00CEACA5 /* Project object */;
			proxyType = 1;
			remoteGlobalIDString = 845FB1C4259B2C3E00CEACA5;
			remoteInfo = CosmeticsDemo;
		};
		845FB1EA259B2C4100CEACA5 /* PBXContainerItemProxy */ = {
			isa = PBXContainerItemProxy;
			containerPortal = 845FB1BD259B2C3E00CEACA5 /* Project object */;
			proxyType = 1;
			remoteGlobalIDString = 845FB1C4259B2C3E00CEACA5;
			remoteInfo = CosmeticsDemo;
		};
/* End PBXContainerItemProxy section */

/* Begin PBXFileReference section */
		0D95C95B1EC994794A41A65A /* libPods-CosmeticsDemo-CosmeticsDemoUITests.a */ = {isa = PBXFileReference; explicitFileType = archive.ar; includeInIndex = 0; path = "libPods-CosmeticsDemo-CosmeticsDemoUITests.a"; sourceTree = BUILT_PRODUCTS_DIR; };
		3C44B7675E00C66CCA41E8FE /* Pods-CosmeticsDemoTests.debug.xcconfig */ = {isa = PBXFileReference; includeInIndex = 1; lastKnownFileType = text.xcconfig; name = "Pods-CosmeticsDemoTests.debug.xcconfig"; path = "Target Support Files/Pods-CosmeticsDemoTests/Pods-CosmeticsDemoTests.debug.xcconfig"; sourceTree = "<group>"; };
		5F8A462FC626717A5416E5C3 /* Pods-CosmeticsDemo-CosmeticsDemoUITests.release.xcconfig */ = {isa = PBXFileReference; includeInIndex = 1; lastKnownFileType = text.xcconfig; name = "Pods-CosmeticsDemo-CosmeticsDemoUITests.release.xcconfig"; path = "Target Support Files/Pods-CosmeticsDemo-CosmeticsDemoUITests/Pods-CosmeticsDemo-CosmeticsDemoUITests.release.xcconfig"; sourceTree = "<group>"; };
		845FB1C5259B2C3E00CEACA5 /* CosmeticsDemo.app */ = {isa = PBXFileReference; explicitFileType = wrapper.application; includeInIndex = 0; path = CosmeticsDemo.app; sourceTree = BUILT_PRODUCTS_DIR; };
		845FB1C8259B2C3E00CEACA5 /* AppDelegate.swift */ = {isa = PBXFileReference; lastKnownFileType = sourcecode.swift; path = AppDelegate.swift; sourceTree = "<group>"; };
		845FB1CA259B2C3E00CEACA5 /* SceneDelegate.swift */ = {isa = PBXFileReference; lastKnownFileType = sourcecode.swift; path = SceneDelegate.swift; sourceTree = "<group>"; };
		845FB1CC259B2C3E00CEACA5 /* ViewController.swift */ = {isa = PBXFileReference; lastKnownFileType = sourcecode.swift; path = ViewController.swift; sourceTree = "<group>"; };
		845FB1CF259B2C3E00CEACA5 /* Base */ = {isa = PBXFileReference; lastKnownFileType = file.storyboard; name = Base; path = Base.lproj/Main.storyboard; sourceTree = "<group>"; };
		845FB1D2259B2C3E00CEACA5 /* CosmeticsDemo.xcdatamodel */ = {isa = PBXFileReference; lastKnownFileType = wrapper.xcdatamodel; path = CosmeticsDemo.xcdatamodel; sourceTree = "<group>"; };
		845FB1D4259B2C4100CEACA5 /* Assets.xcassets */ = {isa = PBXFileReference; lastKnownFileType = folder.assetcatalog; path = Assets.xcassets; sourceTree = "<group>"; };
		845FB1D7259B2C4100CEACA5 /* Base */ = {isa = PBXFileReference; lastKnownFileType = file.storyboard; name = Base; path = Base.lproj/LaunchScreen.storyboard; sourceTree = "<group>"; };
		845FB1D9259B2C4100CEACA5 /* Info.plist */ = {isa = PBXFileReference; lastKnownFileType = text.plist.xml; path = Info.plist; sourceTree = "<group>"; };
		845FB1DE259B2C4100CEACA5 /* CosmeticsDemoTests.xctest */ = {isa = PBXFileReference; explicitFileType = wrapper.cfbundle; includeInIndex = 0; path = CosmeticsDemoTests.xctest; sourceTree = BUILT_PRODUCTS_DIR; };
		845FB1E2259B2C4100CEACA5 /* CosmeticsDemoTests.swift */ = {isa = PBXFileReference; lastKnownFileType = sourcecode.swift; path = CosmeticsDemoTests.swift; sourceTree = "<group>"; };
		845FB1E4259B2C4100CEACA5 /* Info.plist */ = {isa = PBXFileReference; lastKnownFileType = text.plist.xml; path = Info.plist; sourceTree = "<group>"; };
		845FB1E9259B2C4100CEACA5 /* CosmeticsDemoUITests.xctest */ = {isa = PBXFileReference; explicitFileType = wrapper.cfbundle; includeInIndex = 0; path = CosmeticsDemoUITests.xctest; sourceTree = BUILT_PRODUCTS_DIR; };
		845FB1ED259B2C4100CEACA5 /* CosmeticsDemoUITests.swift */ = {isa = PBXFileReference; lastKnownFileType = sourcecode.swift; path = CosmeticsDemoUITests.swift; sourceTree = "<group>"; };
		845FB1EF259B2C4100CEACA5 /* Info.plist */ = {isa = PBXFileReference; lastKnownFileType = text.plist.xml; path = Info.plist; sourceTree = "<group>"; };
		845FB250259B83AE00CEACA5 /* login.png */ = {isa = PBXFileReference; lastKnownFileType = image.png; path = login.png; sourceTree = "<group>"; };
		845FB258259B85D800CEACA5 /* background_image.jpg */ = {isa = PBXFileReference; lastKnownFileType = image.jpeg; path = background_image.jpg; sourceTree = "<group>"; };
		845FB263259B8FF400CEACA5 /* LoginViewController.swift */ = {isa = PBXFileReference; lastKnownFileType = sourcecode.swift; path = LoginViewController.swift; sourceTree = "<group>"; };
		845FB268259B923000CEACA5 /* background.png */ = {isa = PBXFileReference; lastKnownFileType = image.png; path = background.png; sourceTree = "<group>"; };
		845FB26E259B94C000CEACA5 /* RegisterViewController.swift */ = {isa = PBXFileReference; lastKnownFileType = sourcecode.swift; path = RegisterViewController.swift; sourceTree = "<group>"; };
		845FB276259B97BD00CEACA5 /* nangtho.jpeg */ = {isa = PBXFileReference; lastKnownFileType = image.jpeg; path = nangtho.jpeg; sourceTree = "<group>"; };
		845FB27B259B994100CEACA5 /* chungtacuahientai.jpg */ = {isa = PBXFileReference; lastKnownFileType = image.jpeg; path = chungtacuahientai.jpg; sourceTree = "<group>"; };
		845FB280259B9A3B00CEACA5 /* splash.jpg */ = {isa = PBXFileReference; lastKnownFileType = image.jpeg; path = splash.jpg; sourceTree = "<group>"; };
		845FB285259B9B4700CEACA5 /* Connect.swift */ = {isa = PBXFileReference; lastKnownFileType = sourcecode.swift; path = Connect.swift; sourceTree = "<group>"; };
		845FB29A259C1B1D00CEACA5 /* HomeViewController.swift */ = {isa = PBXFileReference; lastKnownFileType = sourcecode.swift; path = HomeViewController.swift; sourceTree = "<group>"; };
		845FB2A2259C7B5300CEACA5 /* chungtacuasaunay.jpg */ = {isa = PBXFileReference; lastKnownFileType = image.jpeg; path = chungtacuasaunay.jpg; sourceTree = "<group>"; };
		845FB2A7259C7BD900CEACA5 /* chungta.jpg */ = {isa = PBXFileReference; lastKnownFileType = image.jpeg; name = chungta.jpg; path = ../../../../chungta.jpg; sourceTree = "<group>"; };
		845FB2BB259C802A00CEACA5 /* FeatureCollectionViewCell.swift */ = {isa = PBXFileReference; lastKnownFileType = sourcecode.swift; path = FeatureCollectionViewCell.swift; sourceTree = "<group>"; };
		845FB2C3259C812F00CEACA5 /* icSpGifts.png */ = {isa = PBXFileReference; lastKnownFileType = image.png; path = icSpGifts.png; sourceTree = "<group>"; };
		845FB2C4259C812F00CEACA5 /* icSpVouchers.png */ = {isa = PBXFileReference; lastKnownFileType = image.png; path = icSpVouchers.png; sourceTree = "<group>"; };
		845FB2C5259C813000CEACA5 /* icSpVip.png */ = {isa = PBXFileReference; lastKnownFileType = image.png; path = icSpVip.png; sourceTree = "<group>"; };
		845FB2C6259C813000CEACA5 /* icSpDeals.png */ = {isa = PBXFileReference; lastKnownFileType = image.png; path = icSpDeals.png; sourceTree = "<group>"; };
		845FB2C7259C813000CEACA5 /* icSpKazza.png */ = {isa = PBXFileReference; lastKnownFileType = image.png; path = icSpKazza.png; sourceTree = "<group>"; };
		845FB2C8259C813000CEACA5 /* icSpServices.png */ = {isa = PBXFileReference; lastKnownFileType = image.png; path = icSpServices.png; sourceTree = "<group>"; };
		845FB2C9259C813100CEACA5 /* icSpCate.png */ = {isa = PBXFileReference; lastKnownFileType = image.png; path = icSpCate.png; sourceTree = "<group>"; };
		845FB2CA259C813100CEACA5 /* icSpFaqs.png */ = {isa = PBXFileReference; lastKnownFileType = image.png; path = icSpFaqs.png; sourceTree = "<group>"; };
		845FB2D6259C8ABC00CEACA5 /* backgroundAccount.jpg */ = {isa = PBXFileReference; lastKnownFileType = image.jpeg; path = backgroundAccount.jpg; sourceTree = "<group>"; };
		845FB2DB259C8AFA00CEACA5 /* pinkBackground.jpg */ = {isa = PBXFileReference; lastKnownFileType = image.jpeg; path = pinkBackground.jpg; sourceTree = "<group>"; };
		845FB2E8259C8C7800CEACA5 /* ava.png */ = {isa = PBXFileReference; lastKnownFileType = image.png; path = ava.png; sourceTree = "<group>"; };
		845FB2EE259C8CD500CEACA5 /* AccountViewController.swift */ = {isa = PBXFileReference; lastKnownFileType = sourcecode.swift; path = AccountViewController.swift; sourceTree = "<group>"; };
		845FB2F6259D68D000CEACA5 /* mtp.jpg */ = {isa = PBXFileReference; lastKnownFileType = image.jpeg; path = mtp.jpg; sourceTree = "<group>"; };
		845FB2FB259D77F200CEACA5 /* haitu.jpg */ = {isa = PBXFileReference; lastKnownFileType = image.jpeg; path = haitu.jpg; sourceTree = "<group>"; };
		845FB300259D783600CEACA5 /* tuhai.jpg */ = {isa = PBXFileReference; lastKnownFileType = image.jpeg; path = tuhai.jpg; sourceTree = "<group>"; };
		845FB305259D7C9000CEACA5 /* anhnen.jpg */ = {isa = PBXFileReference; lastKnownFileType = image.jpeg; path = anhnen.jpg; sourceTree = "<group>"; };
		845FB30A259D7D3A00CEACA5 /* lll.jpg */ = {isa = PBXFileReference; lastKnownFileType = image.jpeg; path = lll.jpg; sourceTree = "<group>"; };
		845FB30F259D7E3D00CEACA5 /* cochacyeuladay.jpg */ = {isa = PBXFileReference; lastKnownFileType = image.jpeg; path = cochacyeuladay.jpg; sourceTree = "<group>"; };
		845FB314259D7F1B00CEACA5 /* pngtree-blue-sky-white-clouds-mobile-phone-end-h5-background-image_126362.jpg */ = {isa = PBXFileReference; lastKnownFileType = image.jpeg; path = "pngtree-blue-sky-white-clouds-mobile-phone-end-h5-background-image_126362.jpg"; sourceTree = "<group>"; };
		845FB319259D7FCA00CEACA5 /* cochacyeu.jpg */ = {isa = PBXFileReference; lastKnownFileType = image.jpeg; path = cochacyeu.jpg; sourceTree = "<group>"; };
		845FB31F259DB29200CEACA5 /* TrademarkViewController.swift */ = {isa = PBXFileReference; lastKnownFileType = sourcecode.swift; path = TrademarkViewController.swift; sourceTree = "<group>"; };
		845FB346259DC4FC00CEACA5 /* TradeMarkCollectionViewCell.swift */ = {isa = PBXFileReference; lastKnownFileType = sourcecode.swift; path = TradeMarkCollectionViewCell.swift; sourceTree = "<group>"; };
		845FB34E259DD9CD00CEACA5 /* aaa.jpg */ = {isa = PBXFileReference; lastKnownFileType = image.jpeg; path = aaa.jpg; sourceTree = "<group>"; };
		845FB354259EC13300CEACA5 /* CategoriesViewController.swift */ = {isa = PBXFileReference; lastKnownFileType = sourcecode.swift; path = CategoriesViewController.swift; sourceTree = "<group>"; };
		845FB35C259EC36500CEACA5 /* pikachu.jpg */ = {isa = PBXFileReference; lastKnownFileType = image.jpeg; path = pikachu.jpg; sourceTree = "<group>"; };
		845FB362259EC59700CEACA5 /* CategoriesTableViewCell.swift */ = {isa = PBXFileReference; lastKnownFileType = sourcecode.swift; path = CategoriesTableViewCell.swift; sourceTree = "<group>"; };
		845FB363259EC59700CEACA5 /* CategoriesTableViewCell.xib */ = {isa = PBXFileReference; lastKnownFileType = file.xib; path = CategoriesTableViewCell.xib; sourceTree = "<group>"; };
		845FB36A259ECDC500CEACA5 /* CategoriesItem.swift */ = {isa = PBXFileReference; lastKnownFileType = sourcecode.swift; path = CategoriesItem.swift; sourceTree = "<group>"; };
		845FB372259ED39000CEACA5 /* film.jpg */ = {isa = PBXFileReference; lastKnownFileType = image.jpeg; path = film.jpg; sourceTree = "<group>"; };
		845FB373259ED39100CEACA5 /* film2.jpg */ = {isa = PBXFileReference; lastKnownFileType = image.jpeg; path = film2.jpg; sourceTree = "<group>"; };
		84B4428525A2AFCD00F24772 /* thanhxuan.jpg */ = {isa = PBXFileReference; lastKnownFileType = image.jpeg; path = thanhxuan.jpg; sourceTree = "<group>"; };
		84B4428A25A2AFD600F24772 /* thanhxuan2.jpg */ = {isa = PBXFileReference; lastKnownFileType = image.jpeg; path = thanhxuan2.jpg; sourceTree = "<group>"; };
		84B4428F25A2B17F00F24772 /* buon.jpg */ = {isa = PBXFileReference; lastKnownFileType = image.jpeg; path = buon.jpg; sourceTree = "<group>"; };
		84B4429525A2B60E00F24772 /* ProducerViewController.swift */ = {isa = PBXFileReference; lastKnownFileType = sourcecode.swift; path = ProducerViewController.swift; sourceTree = "<group>"; };
		84B4429E25A2B9F000F24772 /* ListProducerTableViewCell.swift */ = {isa = PBXFileReference; lastKnownFileType = sourcecode.swift; path = ListProducerTableViewCell.swift; sourceTree = "<group>"; };
		84B4429F25A2B9F000F24772 /* ListProducerTableViewCell.xib */ = {isa = PBXFileReference; lastKnownFileType = file.xib; path = ListProducerTableViewCell.xib; sourceTree = "<group>"; };
		84B442A825A2BCC000F24772 /* Producer.swift */ = {isa = PBXFileReference; lastKnownFileType = sourcecode.swift; path = Producer.swift; sourceTree = "<group>"; };
		84B442AD25A2CB7000F24772 /* ListProductTableViewCell.swift */ = {isa = PBXFileReference; lastKnownFileType = sourcecode.swift; path = ListProductTableViewCell.swift; sourceTree = "<group>"; };
		84B442AE25A2CB7000F24772 /* ListProductTableViewCell.xib */ = {isa = PBXFileReference; lastKnownFileType = file.xib; path = ListProductTableViewCell.xib; sourceTree = "<group>"; };
		84B442B425A2D02500F24772 /* icRate.png */ = {isa = PBXFileReference; lastKnownFileType = image.png; path = icRate.png; sourceTree = "<group>"; };
		84B442B525A2D02500F24772 /* icRateActive.png */ = {isa = PBXFileReference; lastKnownFileType = image.png; path = icRateActive.png; sourceTree = "<group>"; };
		84B442BC25A2D19400F24772 /* Product.swift */ = {isa = PBXFileReference; lastKnownFileType = sourcecode.swift; path = Product.swift; sourceTree = "<group>"; };
		AC6ABD22365B065376A64C73 /* libPods-CosmeticsDemo.a */ = {isa = PBXFileReference; explicitFileType = archive.ar; includeInIndex = 0; path = "libPods-CosmeticsDemo.a"; sourceTree = BUILT_PRODUCTS_DIR; };
		B4A4D3EEB4E7564125879BD9 /* libPods-CosmeticsDemoTests.a */ = {isa = PBXFileReference; explicitFileType = archive.ar; includeInIndex = 0; path = "libPods-CosmeticsDemoTests.a"; sourceTree = BUILT_PRODUCTS_DIR; };
		B97507C4FF9082A59B81A29A /* Pods-CosmeticsDemoTests.release.xcconfig */ = {isa = PBXFileReference; includeInIndex = 1; lastKnownFileType = text.xcconfig; name = "Pods-CosmeticsDemoTests.release.xcconfig"; path = "Target Support Files/Pods-CosmeticsDemoTests/Pods-CosmeticsDemoTests.release.xcconfig"; sourceTree = "<group>"; };
		BAB242BC0ED8C0FFF75EB236 /* Pods-CosmeticsDemo-CosmeticsDemoUITests.debug.xcconfig */ = {isa = PBXFileReference; includeInIndex = 1; lastKnownFileType = text.xcconfig; name = "Pods-CosmeticsDemo-CosmeticsDemoUITests.debug.xcconfig"; path = "Target Support Files/Pods-CosmeticsDemo-CosmeticsDemoUITests/Pods-CosmeticsDemo-CosmeticsDemoUITests.debug.xcconfig"; sourceTree = "<group>"; };
		C82A442D0EC605CB27E66040 /* Pods-CosmeticsDemo.debug.xcconfig */ = {isa = PBXFileReference; includeInIndex = 1; lastKnownFileType = text.xcconfig; name = "Pods-CosmeticsDemo.debug.xcconfig"; path = "Target Support Files/Pods-CosmeticsDemo/Pods-CosmeticsDemo.debug.xcconfig"; sourceTree = "<group>"; };
		FDD5DAC700C5B4B43D904EDB /* Pods-CosmeticsDemo.release.xcconfig */ = {isa = PBXFileReference; includeInIndex = 1; lastKnownFileType = text.xcconfig; name = "Pods-CosmeticsDemo.release.xcconfig"; path = "Target Support Files/Pods-CosmeticsDemo/Pods-CosmeticsDemo.release.xcconfig"; sourceTree = "<group>"; };
/* End PBXFileReference section */

/* Begin PBXFrameworksBuildPhase section */
		845FB1C2259B2C3E00CEACA5 /* Frameworks */ = {
			isa = PBXFrameworksBuildPhase;
			buildActionMask = 2147483647;
			files = (
				E41CD8BDC8EA7C7BA53B2DB3 /* libPods-CosmeticsDemo.a in Frameworks */,
			);
			runOnlyForDeploymentPostprocessing = 0;
		};
		845FB1DB259B2C4100CEACA5 /* Frameworks */ = {
			isa = PBXFrameworksBuildPhase;
			buildActionMask = 2147483647;
			files = (
				F1E4039673460591DD379F33 /* libPods-CosmeticsDemoTests.a in Frameworks */,
			);
			runOnlyForDeploymentPostprocessing = 0;
		};
		845FB1E6259B2C4100CEACA5 /* Frameworks */ = {
			isa = PBXFrameworksBuildPhase;
			buildActionMask = 2147483647;
			files = (
				944BA9E8EEBD6320CB4D9484 /* libPods-CosmeticsDemo-CosmeticsDemoUITests.a in Frameworks */,
			);
			runOnlyForDeploymentPostprocessing = 0;
		};
/* End PBXFrameworksBuildPhase section */

/* Begin PBXGroup section */
		845FB1BC259B2C3E00CEACA5 = {
			isa = PBXGroup;
			children = (
				845FB1C7259B2C3E00CEACA5 /* CosmeticsDemo */,
				845FB1E1259B2C4100CEACA5 /* CosmeticsDemoTests */,
				845FB1EC259B2C4100CEACA5 /* CosmeticsDemoUITests */,
				845FB1C6259B2C3E00CEACA5 /* Products */,
				A7F9EAAF24DA9C13A2459D41 /* Pods */,
				BBE1FA87B86F465C14732EF3 /* Frameworks */,
			);
			sourceTree = "<group>";
		};
		845FB1C6259B2C3E00CEACA5 /* Products */ = {
			isa = PBXGroup;
			children = (
				845FB1C5259B2C3E00CEACA5 /* CosmeticsDemo.app */,
				845FB1DE259B2C4100CEACA5 /* CosmeticsDemoTests.xctest */,
				845FB1E9259B2C4100CEACA5 /* CosmeticsDemoUITests.xctest */,
			);
			name = Products;
			sourceTree = "<group>";
		};
		845FB1C7259B2C3E00CEACA5 /* CosmeticsDemo */ = {
			isa = PBXGroup;
			children = (
				845FB369259ECDAD00CEACA5 /* Modal */,
				845FB221259B80F600CEACA5 /* Assest */,
				845FB216259B80A200CEACA5 /* Network */,
				845FB215259B809400CEACA5 /* App */,
				845FB1C8259B2C3E00CEACA5 /* AppDelegate.swift */,
				845FB1CA259B2C3E00CEACA5 /* SceneDelegate.swift */,
				845FB1CC259B2C3E00CEACA5 /* ViewController.swift */,
				845FB1CE259B2C3E00CEACA5 /* Main.storyboard */,
				845FB1D4259B2C4100CEACA5 /* Assets.xcassets */,
				845FB1D6259B2C4100CEACA5 /* LaunchScreen.storyboard */,
				845FB1D9259B2C4100CEACA5 /* Info.plist */,
				845FB1D1259B2C3E00CEACA5 /* CosmeticsDemo.xcdatamodeld */,
			);
			path = CosmeticsDemo;
			sourceTree = "<group>";
		};
		845FB1E1259B2C4100CEACA5 /* CosmeticsDemoTests */ = {
			isa = PBXGroup;
			children = (
				845FB1E2259B2C4100CEACA5 /* CosmeticsDemoTests.swift */,
				845FB1E4259B2C4100CEACA5 /* Info.plist */,
			);
			path = CosmeticsDemoTests;
			sourceTree = "<group>";
		};
		845FB1EC259B2C4100CEACA5 /* CosmeticsDemoUITests */ = {
			isa = PBXGroup;
			children = (
				845FB1ED259B2C4100CEACA5 /* CosmeticsDemoUITests.swift */,
				845FB1EF259B2C4100CEACA5 /* Info.plist */,
			);
			path = CosmeticsDemoUITests;
			sourceTree = "<group>";
		};
		845FB215259B809400CEACA5 /* App */ = {
			isa = PBXGroup;
			children = (
				845FB299259C1B0900CEACA5 /* Home */,
				845FB2ED259C8CBC00CEACA5 /* Account */,
				845FB31E259DB27300CEACA5 /* Trademark */,
				845FB353259EC11100CEACA5 /* Categories */,
				84B4429425A2B5EE00F24772 /* Producer */,
				845FB217259B80B000CEACA5 /* Authen */,
			);
			path = App;
			sourceTree = "<group>";
		};
		845FB216259B80A200CEACA5 /* Network */ = {
			isa = PBXGroup;
			children = (
				845FB285259B9B4700CEACA5 /* Connect.swift */,
			);
			path = Network;
			sourceTree = "<group>";
		};
		845FB217259B80B000CEACA5 /* Authen */ = {
			isa = PBXGroup;
			children = (
				845FB26D259B94B000CEACA5 /* Register */,
				845FB218259B80CA00CEACA5 /* Login */,
			);
			path = Authen;
			sourceTree = "<group>";
		};
		845FB218259B80CA00CEACA5 /* Login */ = {
			isa = PBXGroup;
			children = (
				845FB263259B8FF400CEACA5 /* LoginViewController.swift */,
			);
			path = Login;
			sourceTree = "<group>";
		};
		845FB221259B80F600CEACA5 /* Assest */ = {
			isa = PBXGroup;
			children = (
				84B442B425A2D02500F24772 /* icRate.png */,
				84B442B525A2D02500F24772 /* icRateActive.png */,
				84B4428F25A2B17F00F24772 /* buon.jpg */,
				84B4428A25A2AFD600F24772 /* thanhxuan2.jpg */,
				84B4428525A2AFCD00F24772 /* thanhxuan.jpg */,
				845FB372259ED39000CEACA5 /* film.jpg */,
				845FB373259ED39100CEACA5 /* film2.jpg */,
				845FB35C259EC36500CEACA5 /* pikachu.jpg */,
				845FB34E259DD9CD00CEACA5 /* aaa.jpg */,
				845FB319259D7FCA00CEACA5 /* cochacyeu.jpg */,
				845FB314259D7F1B00CEACA5 /* pngtree-blue-sky-white-clouds-mobile-phone-end-h5-background-image_126362.jpg */,
				845FB30F259D7E3D00CEACA5 /* cochacyeuladay.jpg */,
				845FB30A259D7D3A00CEACA5 /* lll.jpg */,
				845FB305259D7C9000CEACA5 /* anhnen.jpg */,
				845FB300259D783600CEACA5 /* tuhai.jpg */,
				845FB2FB259D77F200CEACA5 /* haitu.jpg */,
				845FB2F6259D68D000CEACA5 /* mtp.jpg */,
				845FB2E8259C8C7800CEACA5 /* ava.png */,
				845FB2DB259C8AFA00CEACA5 /* pinkBackground.jpg */,
				845FB2D6259C8ABC00CEACA5 /* backgroundAccount.jpg */,
				845FB2C9259C813100CEACA5 /* icSpCate.png */,
				845FB2C6259C813000CEACA5 /* icSpDeals.png */,
				845FB2CA259C813100CEACA5 /* icSpFaqs.png */,
				845FB2C3259C812F00CEACA5 /* icSpGifts.png */,
				845FB2C7259C813000CEACA5 /* icSpKazza.png */,
				845FB2C8259C813000CEACA5 /* icSpServices.png */,
				845FB2C5259C813000CEACA5 /* icSpVip.png */,
				845FB2C4259C812F00CEACA5 /* icSpVouchers.png */,
				845FB2A7259C7BD900CEACA5 /* chungta.jpg */,
				845FB2A2259C7B5300CEACA5 /* chungtacuasaunay.jpg */,
				845FB280259B9A3B00CEACA5 /* splash.jpg */,
				845FB27B259B994100CEACA5 /* chungtacuahientai.jpg */,
				845FB276259B97BD00CEACA5 /* nangtho.jpeg */,
				845FB268259B923000CEACA5 /* background.png */,
				845FB258259B85D800CEACA5 /* background_image.jpg */,
				845FB250259B83AE00CEACA5 /* login.png */,
			);
			path = Assest;
			sourceTree = "<group>";
		};
		845FB26D259B94B000CEACA5 /* Register */ = {
			isa = PBXGroup;
			children = (
				845FB26E259B94C000CEACA5 /* RegisterViewController.swift */,
			);
			path = Register;
			sourceTree = "<group>";
		};
		845FB299259C1B0900CEACA5 /* Home */ = {
			isa = PBXGroup;
			children = (
				845FB2AF259C7FDC00CEACA5 /* View */,
				845FB29A259C1B1D00CEACA5 /* HomeViewController.swift */,
			);
			path = Home;
			sourceTree = "<group>";
		};
		845FB2AF259C7FDC00CEACA5 /* View */ = {
			isa = PBXGroup;
			children = (
				845FB2BB259C802A00CEACA5 /* FeatureCollectionViewCell.swift */,
				84B442AD25A2CB7000F24772 /* ListProductTableViewCell.swift */,
				84B442AE25A2CB7000F24772 /* ListProductTableViewCell.xib */,
			);
			path = View;
			sourceTree = "<group>";
		};
		845FB2ED259C8CBC00CEACA5 /* Account */ = {
			isa = PBXGroup;
			children = (
				845FB2EE259C8CD500CEACA5 /* AccountViewController.swift */,
			);
			path = Account;
			sourceTree = "<group>";
		};
		845FB31E259DB27300CEACA5 /* Trademark */ = {
			isa = PBXGroup;
			children = (
				845FB345259DC4DF00CEACA5 /* View */,
				845FB31F259DB29200CEACA5 /* TrademarkViewController.swift */,
			);
			path = Trademark;
			sourceTree = "<group>";
		};
		845FB345259DC4DF00CEACA5 /* View */ = {
			isa = PBXGroup;
			children = (
				845FB346259DC4FC00CEACA5 /* TradeMarkCollectionViewCell.swift */,
			);
			path = View;
			sourceTree = "<group>";
		};
		845FB353259EC11100CEACA5 /* Categories */ = {
			isa = PBXGroup;
			children = (
				845FB361259EC57400CEACA5 /* View */,
				845FB354259EC13300CEACA5 /* CategoriesViewController.swift */,
			);
			path = Categories;
			sourceTree = "<group>";
		};
		845FB361259EC57400CEACA5 /* View */ = {
			isa = PBXGroup;
			children = (
				845FB362259EC59700CEACA5 /* CategoriesTableViewCell.swift */,
				845FB363259EC59700CEACA5 /* CategoriesTableViewCell.xib */,
			);
			path = View;
			sourceTree = "<group>";
		};
		845FB369259ECDAD00CEACA5 /* Modal */ = {
			isa = PBXGroup;
			children = (
				845FB36A259ECDC500CEACA5 /* CategoriesItem.swift */,
				84B442A825A2BCC000F24772 /* Producer.swift */,
				84B442BC25A2D19400F24772 /* Product.swift */,
			);
			path = Modal;
			sourceTree = "<group>";
		};
		84B4429425A2B5EE00F24772 /* Producer */ = {
			isa = PBXGroup;
			children = (
				84B4429D25A2B9D800F24772 /* View */,
				84B4429525A2B60E00F24772 /* ProducerViewController.swift */,
			);
			path = Producer;
			sourceTree = "<group>";
		};
		84B4429D25A2B9D800F24772 /* View */ = {
			isa = PBXGroup;
			children = (
				84B4429E25A2B9F000F24772 /* ListProducerTableViewCell.swift */,
				84B4429F25A2B9F000F24772 /* ListProducerTableViewCell.xib */,
			);
			path = View;
			sourceTree = "<group>";
		};
		A7F9EAAF24DA9C13A2459D41 /* Pods */ = {
			isa = PBXGroup;
			children = (
				C82A442D0EC605CB27E66040 /* Pods-CosmeticsDemo.debug.xcconfig */,
				FDD5DAC700C5B4B43D904EDB /* Pods-CosmeticsDemo.release.xcconfig */,
				BAB242BC0ED8C0FFF75EB236 /* Pods-CosmeticsDemo-CosmeticsDemoUITests.debug.xcconfig */,
				5F8A462FC626717A5416E5C3 /* Pods-CosmeticsDemo-CosmeticsDemoUITests.release.xcconfig */,
				3C44B7675E00C66CCA41E8FE /* Pods-CosmeticsDemoTests.debug.xcconfig */,
				B97507C4FF9082A59B81A29A /* Pods-CosmeticsDemoTests.release.xcconfig */,
			);
			path = Pods;
			sourceTree = "<group>";
		};
		BBE1FA87B86F465C14732EF3 /* Frameworks */ = {
			isa = PBXGroup;
			children = (
				AC6ABD22365B065376A64C73 /* libPods-CosmeticsDemo.a */,
				0D95C95B1EC994794A41A65A /* libPods-CosmeticsDemo-CosmeticsDemoUITests.a */,
				B4A4D3EEB4E7564125879BD9 /* libPods-CosmeticsDemoTests.a */,
			);
			name = Frameworks;
			sourceTree = "<group>";
		};
/* End PBXGroup section */

/* Begin PBXNativeTarget section */
		845FB1C4259B2C3E00CEACA5 /* CosmeticsDemo */ = {
			isa = PBXNativeTarget;
			buildConfigurationList = 845FB1F2259B2C4100CEACA5 /* Build configuration list for PBXNativeTarget "CosmeticsDemo" */;
			buildPhases = (
				36A9C6935553453C00E0EC03 /* [CP] Check Pods Manifest.lock */,
				845FB1C1259B2C3E00CEACA5 /* Sources */,
				845FB1C2259B2C3E00CEACA5 /* Frameworks */,
				845FB1C3259B2C3E00CEACA5 /* Resources */,
				772C4095A5B3B1DDD71E2CC0 /* [CP] Copy Pods Resources */,
			);
			buildRules = (
			);
			dependencies = (
			);
			name = CosmeticsDemo;
			productName = CosmeticsDemo;
			productReference = 845FB1C5259B2C3E00CEACA5 /* CosmeticsDemo.app */;
			productType = "com.apple.product-type.application";
		};
		845FB1DD259B2C4100CEACA5 /* CosmeticsDemoTests */ = {
			isa = PBXNativeTarget;
			buildConfigurationList = 845FB1F5259B2C4100CEACA5 /* Build configuration list for PBXNativeTarget "CosmeticsDemoTests" */;
			buildPhases = (
				BA99134C3DFCAC4443E22A26 /* [CP] Check Pods Manifest.lock */,
				845FB1DA259B2C4100CEACA5 /* Sources */,
				845FB1DB259B2C4100CEACA5 /* Frameworks */,
				845FB1DC259B2C4100CEACA5 /* Resources */,
			);
			buildRules = (
			);
			dependencies = (
				845FB1E0259B2C4100CEACA5 /* PBXTargetDependency */,
			);
			name = CosmeticsDemoTests;
			productName = CosmeticsDemoTests;
			productReference = 845FB1DE259B2C4100CEACA5 /* CosmeticsDemoTests.xctest */;
			productType = "com.apple.product-type.bundle.unit-test";
		};
		845FB1E8259B2C4100CEACA5 /* CosmeticsDemoUITests */ = {
			isa = PBXNativeTarget;
			buildConfigurationList = 845FB1F8259B2C4100CEACA5 /* Build configuration list for PBXNativeTarget "CosmeticsDemoUITests" */;
			buildPhases = (
				60755CA648557B6162E31D2F /* [CP] Check Pods Manifest.lock */,
				845FB1E5259B2C4100CEACA5 /* Sources */,
				845FB1E6259B2C4100CEACA5 /* Frameworks */,
				845FB1E7259B2C4100CEACA5 /* Resources */,
				86096D951F84D0187C9C46A4 /* [CP] Copy Pods Resources */,
			);
			buildRules = (
			);
			dependencies = (
				845FB1EB259B2C4100CEACA5 /* PBXTargetDependency */,
			);
			name = CosmeticsDemoUITests;
			productName = CosmeticsDemoUITests;
			productReference = 845FB1E9259B2C4100CEACA5 /* CosmeticsDemoUITests.xctest */;
			productType = "com.apple.product-type.bundle.ui-testing";
		};
/* End PBXNativeTarget section */

/* Begin PBXProject section */
		845FB1BD259B2C3E00CEACA5 /* Project object */ = {
			isa = PBXProject;
			attributes = {
				LastSwiftUpdateCheck = 1230;
				LastUpgradeCheck = 1230;
				TargetAttributes = {
					845FB1C4259B2C3E00CEACA5 = {
						CreatedOnToolsVersion = 12.3;
					};
					845FB1DD259B2C4100CEACA5 = {
						CreatedOnToolsVersion = 12.3;
						TestTargetID = 845FB1C4259B2C3E00CEACA5;
					};
					845FB1E8259B2C4100CEACA5 = {
						CreatedOnToolsVersion = 12.3;
						TestTargetID = 845FB1C4259B2C3E00CEACA5;
					};
				};
			};
			buildConfigurationList = 845FB1C0259B2C3E00CEACA5 /* Build configuration list for PBXProject "CosmeticsDemo" */;
			compatibilityVersion = "Xcode 9.3";
			developmentRegion = en;
			hasScannedForEncodings = 0;
			knownRegions = (
				en,
				Base,
			);
			mainGroup = 845FB1BC259B2C3E00CEACA5;
			productRefGroup = 845FB1C6259B2C3E00CEACA5 /* Products */;
			projectDirPath = "";
			projectRoot = "";
			targets = (
				845FB1C4259B2C3E00CEACA5 /* CosmeticsDemo */,
				845FB1DD259B2C4100CEACA5 /* CosmeticsDemoTests */,
				845FB1E8259B2C4100CEACA5 /* CosmeticsDemoUITests */,
			);
		};
/* End PBXProject section */

/* Begin PBXResourcesBuildPhase section */
		845FB1C3259B2C3E00CEACA5 /* Resources */ = {
			isa = PBXResourcesBuildPhase;
			buildActionMask = 2147483647;
			files = (
				845FB310259D7E3E00CEACA5 /* cochacyeuladay.jpg in Resources */,
				845FB30B259D7D3A00CEACA5 /* lll.jpg in Resources */,
				845FB31A259D7FCA00CEACA5 /* cochacyeu.jpg in Resources */,
				845FB2F7259D68D000CEACA5 /* mtp.jpg in Resources */,
				845FB301259D783600CEACA5 /* tuhai.jpg in Resources */,
				845FB2D0259C813100CEACA5 /* icSpServices.png in Resources */,
				845FB2D7259C8ABC00CEACA5 /* backgroundAccount.jpg in Resources */,
				84B4429025A2B17F00F24772 /* buon.jpg in Resources */,
				84B4428B25A2AFD600F24772 /* thanhxuan2.jpg in Resources */,
				845FB2CF259C813100CEACA5 /* icSpKazza.png in Resources */,
				845FB251259B83AE00CEACA5 /* login.png in Resources */,
				845FB315259D7F1B00CEACA5 /* pngtree-blue-sky-white-clouds-mobile-phone-end-h5-background-image_126362.jpg in Resources */,
				845FB27C259B994100CEACA5 /* chungtacuahientai.jpg in Resources */,
				84B4428625A2AFCE00F24772 /* thanhxuan.jpg in Resources */,
				845FB306259D7C9000CEACA5 /* anhnen.jpg in Resources */,
				845FB269259B923000CEACA5 /* background.png in Resources */,
				845FB2D1259C813100CEACA5 /* icSpCate.png in Resources */,
				845FB2A8259C7BD900CEACA5 /* chungta.jpg in Resources */,
				845FB281259B9A3B00CEACA5 /* splash.jpg in Resources */,
				845FB2CC259C813100CEACA5 /* icSpVouchers.png in Resources */,
				845FB374259ED39100CEACA5 /* film.jpg in Resources */,
				845FB2FC259D77F300CEACA5 /* haitu.jpg in Resources */,
				845FB1D8259B2C4100CEACA5 /* LaunchScreen.storyboard in Resources */,
				845FB259259B85D800CEACA5 /* background_image.jpg in Resources */,
				845FB2E9259C8C7800CEACA5 /* ava.png in Resources */,
				84B442B625A2D02500F24772 /* icRate.png in Resources */,
				845FB2CD259C813100CEACA5 /* icSpVip.png in Resources */,
				845FB277259B97BD00CEACA5 /* nangtho.jpeg in Resources */,
				845FB2CB259C813100CEACA5 /* icSpGifts.png in Resources */,
				84B442B725A2D02500F24772 /* icRateActive.png in Resources */,
				845FB1D5259B2C4100CEACA5 /* Assets.xcassets in Resources */,
				84B442B025A2CB7000F24772 /* ListProductTableViewCell.xib in Resources */,
				845FB2D2259C813100CEACA5 /* icSpFaqs.png in Resources */,
				845FB2CE259C813100CEACA5 /* icSpDeals.png in Resources */,
				845FB365259EC59700CEACA5 /* CategoriesTableViewCell.xib in Resources */,
				845FB2DC259C8AFA00CEACA5 /* pinkBackground.jpg in Resources */,
				84B442A125A2B9F000F24772 /* ListProducerTableViewCell.xib in Resources */,
				845FB1D0259B2C3E00CEACA5 /* Main.storyboard in Resources */,
				845FB375259ED39100CEACA5 /* film2.jpg in Resources */,
				845FB2A3259C7B5300CEACA5 /* chungtacuasaunay.jpg in Resources */,
				845FB34F259DD9CD00CEACA5 /* aaa.jpg in Resources */,
				845FB35D259EC36600CEACA5 /* pikachu.jpg in Resources */,
			);
			runOnlyForDeploymentPostprocessing = 0;
		};
		845FB1DC259B2C4100CEACA5 /* Resources */ = {
			isa = PBXResourcesBuildPhase;
			buildActionMask = 2147483647;
			files = (
			);
			runOnlyForDeploymentPostprocessing = 0;
		};
		845FB1E7259B2C4100CEACA5 /* Resources */ = {
			isa = PBXResourcesBuildPhase;
			buildActionMask = 2147483647;
			files = (
			);
			runOnlyForDeploymentPostprocessing = 0;
		};
/* End PBXResourcesBuildPhase section */

/* Begin PBXShellScriptBuildPhase section */
		36A9C6935553453C00E0EC03 /* [CP] Check Pods Manifest.lock */ = {
			isa = PBXShellScriptBuildPhase;
			buildActionMask = 2147483647;
			files = (
			);
			inputFileListPaths = (
			);
			inputPaths = (
				"${PODS_PODFILE_DIR_PATH}/Podfile.lock",
				"${PODS_ROOT}/Manifest.lock",
			);
			name = "[CP] Check Pods Manifest.lock";
			outputFileListPaths = (
			);
			outputPaths = (
				"$(DERIVED_FILE_DIR)/Pods-CosmeticsDemo-checkManifestLockResult.txt",
			);
			runOnlyForDeploymentPostprocessing = 0;
			shellPath = /bin/sh;
			shellScript = "diff \"${PODS_PODFILE_DIR_PATH}/Podfile.lock\" \"${PODS_ROOT}/Manifest.lock\" > /dev/null\nif [ $? != 0 ] ; then\n    # print error to STDERR\n    echo \"error: The sandbox is not in sync with the Podfile.lock. Run 'pod install' or update your CocoaPods installation.\" >&2\n    exit 1\nfi\n# This output is used by Xcode 'outputs' to avoid re-running this script phase.\necho \"SUCCESS\" > \"${SCRIPT_OUTPUT_FILE_0}\"\n";
			showEnvVarsInLog = 0;
		};
		60755CA648557B6162E31D2F /* [CP] Check Pods Manifest.lock */ = {
			isa = PBXShellScriptBuildPhase;
			buildActionMask = 2147483647;
			files = (
			);
			inputFileListPaths = (
			);
			inputPaths = (
				"${PODS_PODFILE_DIR_PATH}/Podfile.lock",
				"${PODS_ROOT}/Manifest.lock",
			);
			name = "[CP] Check Pods Manifest.lock";
			outputFileListPaths = (
			);
			outputPaths = (
				"$(DERIVED_FILE_DIR)/Pods-CosmeticsDemo-CosmeticsDemoUITests-checkManifestLockResult.txt",
			);
			runOnlyForDeploymentPostprocessing = 0;
			shellPath = /bin/sh;
			shellScript = "diff \"${PODS_PODFILE_DIR_PATH}/Podfile.lock\" \"${PODS_ROOT}/Manifest.lock\" > /dev/null\nif [ $? != 0 ] ; then\n    # print error to STDERR\n    echo \"error: The sandbox is not in sync with the Podfile.lock. Run 'pod install' or update your CocoaPods installation.\" >&2\n    exit 1\nfi\n# This output is used by Xcode 'outputs' to avoid re-running this script phase.\necho \"SUCCESS\" > \"${SCRIPT_OUTPUT_FILE_0}\"\n";
			showEnvVarsInLog = 0;
		};
		772C4095A5B3B1DDD71E2CC0 /* [CP] Copy Pods Resources */ = {
			isa = PBXShellScriptBuildPhase;
			buildActionMask = 2147483647;
			files = (
			);
			inputFileListPaths = (
				"${PODS_ROOT}/Target Support Files/Pods-CosmeticsDemo/Pods-CosmeticsDemo-resources-${CONFIGURATION}-input-files.xcfilelist",
			);
			name = "[CP] Copy Pods Resources";
			outputFileListPaths = (
				"${PODS_ROOT}/Target Support Files/Pods-CosmeticsDemo/Pods-CosmeticsDemo-resources-${CONFIGURATION}-output-files.xcfilelist",
			);
			runOnlyForDeploymentPostprocessing = 0;
			shellPath = /bin/sh;
			shellScript = "\"${PODS_ROOT}/Target Support Files/Pods-CosmeticsDemo/Pods-CosmeticsDemo-resources.sh\"\n";
			showEnvVarsInLog = 0;
		};
		86096D951F84D0187C9C46A4 /* [CP] Copy Pods Resources */ = {
			isa = PBXShellScriptBuildPhase;
			buildActionMask = 2147483647;
			files = (
			);
			inputFileListPaths = (
				"${PODS_ROOT}/Target Support Files/Pods-CosmeticsDemo-CosmeticsDemoUITests/Pods-CosmeticsDemo-CosmeticsDemoUITests-resources-${CONFIGURATION}-input-files.xcfilelist",
			);
			name = "[CP] Copy Pods Resources";
			outputFileListPaths = (
				"${PODS_ROOT}/Target Support Files/Pods-CosmeticsDemo-CosmeticsDemoUITests/Pods-CosmeticsDemo-CosmeticsDemoUITests-resources-${CONFIGURATION}-output-files.xcfilelist",
			);
			runOnlyForDeploymentPostprocessing = 0;
			shellPath = /bin/sh;
			shellScript = "\"${PODS_ROOT}/Target Support Files/Pods-CosmeticsDemo-CosmeticsDemoUITests/Pods-CosmeticsDemo-CosmeticsDemoUITests-resources.sh\"\n";
			showEnvVarsInLog = 0;
		};
		BA99134C3DFCAC4443E22A26 /* [CP] Check Pods Manifest.lock */ = {
			isa = PBXShellScriptBuildPhase;
			buildActionMask = 2147483647;
			files = (
			);
			inputFileListPaths = (
			);
			inputPaths = (
				"${PODS_PODFILE_DIR_PATH}/Podfile.lock",
				"${PODS_ROOT}/Manifest.lock",
			);
			name = "[CP] Check Pods Manifest.lock";
			outputFileListPaths = (
			);
			outputPaths = (
				"$(DERIVED_FILE_DIR)/Pods-CosmeticsDemoTests-checkManifestLockResult.txt",
			);
			runOnlyForDeploymentPostprocessing = 0;
			shellPath = /bin/sh;
			shellScript = "diff \"${PODS_PODFILE_DIR_PATH}/Podfile.lock\" \"${PODS_ROOT}/Manifest.lock\" > /dev/null\nif [ $? != 0 ] ; then\n    # print error to STDERR\n    echo \"error: The sandbox is not in sync with the Podfile.lock. Run 'pod install' or update your CocoaPods installation.\" >&2\n    exit 1\nfi\n# This output is used by Xcode 'outputs' to avoid re-running this script phase.\necho \"SUCCESS\" > \"${SCRIPT_OUTPUT_FILE_0}\"\n";
			showEnvVarsInLog = 0;
		};
/* End PBXShellScriptBuildPhase section */

/* Begin PBXSourcesBuildPhase section */
		845FB1C1259B2C3E00CEACA5 /* Sources */ = {
			isa = PBXSourcesBuildPhase;
			buildActionMask = 2147483647;
			files = (
				845FB1CD259B2C3E00CEACA5 /* ViewController.swift in Sources */,
				84B442AF25A2CB7000F24772 /* ListProductTableViewCell.swift in Sources */,
				845FB320259DB29200CEACA5 /* TrademarkViewController.swift in Sources */,
				845FB1D3259B2C3E00CEACA5 /* CosmeticsDemo.xcdatamodeld in Sources */,
				845FB1C9259B2C3E00CEACA5 /* AppDelegate.swift in Sources */,
				845FB29B259C1B1D00CEACA5 /* HomeViewController.swift in Sources */,
				845FB364259EC59700CEACA5 /* CategoriesTableViewCell.swift in Sources */,
				845FB36B259ECDC500CEACA5 /* CategoriesItem.swift in Sources */,
				845FB26F259B94C000CEACA5 /* RegisterViewController.swift in Sources */,
				845FB347259DC4FC00CEACA5 /* TradeMarkCollectionViewCell.swift in Sources */,
				845FB286259B9B4700CEACA5 /* Connect.swift in Sources */,
				84B442A025A2B9F000F24772 /* ListProducerTableViewCell.swift in Sources */,
				84B4429625A2B60E00F24772 /* ProducerViewController.swift in Sources */,
				845FB2EF259C8CD500CEACA5 /* AccountViewController.swift in Sources */,
				845FB264259B8FF400CEACA5 /* LoginViewController.swift in Sources */,
				845FB1CB259B2C3E00CEACA5 /* SceneDelegate.swift in Sources */,
				84B442A925A2BCC000F24772 /* Producer.swift in Sources */,
				84B442BD25A2D19400F24772 /* Product.swift in Sources */,
				845FB2BC259C802A00CEACA5 /* FeatureCollectionViewCell.swift in Sources */,
				845FB355259EC13300CEACA5 /* CategoriesViewController.swift in Sources */,
			);
			runOnlyForDeploymentPostprocessing = 0;
		};
		845FB1DA259B2C4100CEACA5 /* Sources */ = {
			isa = PBXSourcesBuildPhase;
			buildActionMask = 2147483647;
			files = (
				845FB1E3259B2C4100CEACA5 /* CosmeticsDemoTests.swift in Sources */,
			);
			runOnlyForDeploymentPostprocessing = 0;
		};
		845FB1E5259B2C4100CEACA5 /* Sources */ = {
			isa = PBXSourcesBuildPhase;
			buildActionMask = 2147483647;
			files = (
				845FB1EE259B2C4100CEACA5 /* CosmeticsDemoUITests.swift in Sources */,
			);
			runOnlyForDeploymentPostprocessing = 0;
		};
/* End PBXSourcesBuildPhase section */

/* Begin PBXTargetDependency section */
		845FB1E0259B2C4100CEACA5 /* PBXTargetDependency */ = {
			isa = PBXTargetDependency;
			target = 845FB1C4259B2C3E00CEACA5 /* CosmeticsDemo */;
			targetProxy = 845FB1DF259B2C4100CEACA5 /* PBXContainerItemProxy */;
		};
		845FB1EB259B2C4100CEACA5 /* PBXTargetDependency */ = {
			isa = PBXTargetDependency;
			target = 845FB1C4259B2C3E00CEACA5 /* CosmeticsDemo */;
			targetProxy = 845FB1EA259B2C4100CEACA5 /* PBXContainerItemProxy */;
		};
/* End PBXTargetDependency section */

/* Begin PBXVariantGroup section */
		845FB1CE259B2C3E00CEACA5 /* Main.storyboard */ = {
			isa = PBXVariantGroup;
			children = (
				845FB1CF259B2C3E00CEACA5 /* Base */,
			);
			name = Main.storyboard;
			sourceTree = "<group>";
		};
		845FB1D6259B2C4100CEACA5 /* LaunchScreen.storyboard */ = {
			isa = PBXVariantGroup;
			children = (
				845FB1D7259B2C4100CEACA5 /* Base */,
			);
			name = LaunchScreen.storyboard;
			sourceTree = "<group>";
		};
/* End PBXVariantGroup section */

/* Begin XCBuildConfiguration section */
		845FB1F0259B2C4100CEACA5 /* Debug */ = {
			isa = XCBuildConfiguration;
			buildSettings = {
				ALWAYS_SEARCH_USER_PATHS = NO;
				CLANG_ANALYZER_NONNULL = YES;
				CLANG_ANALYZER_NUMBER_OBJECT_CONVERSION = YES_AGGRESSIVE;
				CLANG_CXX_LANGUAGE_STANDARD = "gnu++14";
				CLANG_CXX_LIBRARY = "libc++";
				CLANG_ENABLE_MODULES = YES;
				CLANG_ENABLE_OBJC_ARC = YES;
				CLANG_ENABLE_OBJC_WEAK = YES;
				CLANG_WARN_BLOCK_CAPTURE_AUTORELEASING = YES;
				CLANG_WARN_BOOL_CONVERSION = YES;
				CLANG_WARN_COMMA = YES;
				CLANG_WARN_CONSTANT_CONVERSION = YES;
				CLANG_WARN_DEPRECATED_OBJC_IMPLEMENTATIONS = YES;
				CLANG_WARN_DIRECT_OBJC_ISA_USAGE = YES_ERROR;
				CLANG_WARN_DOCUMENTATION_COMMENTS = YES;
				CLANG_WARN_EMPTY_BODY = YES;
				CLANG_WARN_ENUM_CONVERSION = YES;
				CLANG_WARN_INFINITE_RECURSION = YES;
				CLANG_WARN_INT_CONVERSION = YES;
				CLANG_WARN_NON_LITERAL_NULL_CONVERSION = YES;
				CLANG_WARN_OBJC_IMPLICIT_RETAIN_SELF = YES;
				CLANG_WARN_OBJC_LITERAL_CONVERSION = YES;
				CLANG_WARN_OBJC_ROOT_CLASS = YES_ERROR;
				CLANG_WARN_QUOTED_INCLUDE_IN_FRAMEWORK_HEADER = YES;
				CLANG_WARN_RANGE_LOOP_ANALYSIS = YES;
				CLANG_WARN_STRICT_PROTOTYPES = YES;
				CLANG_WARN_SUSPICIOUS_MOVE = YES;
				CLANG_WARN_UNGUARDED_AVAILABILITY = YES_AGGRESSIVE;
				CLANG_WARN_UNREACHABLE_CODE = YES;
				CLANG_WARN__DUPLICATE_METHOD_MATCH = YES;
				COPY_PHASE_STRIP = NO;
				DEBUG_INFORMATION_FORMAT = dwarf;
				ENABLE_STRICT_OBJC_MSGSEND = YES;
				ENABLE_TESTABILITY = YES;
				GCC_C_LANGUAGE_STANDARD = gnu11;
				GCC_DYNAMIC_NO_PIC = NO;
				GCC_NO_COMMON_BLOCKS = YES;
				GCC_OPTIMIZATION_LEVEL = 0;
				GCC_PREPROCESSOR_DEFINITIONS = (
					"DEBUG=1",
					"$(inherited)",
				);
				GCC_WARN_64_TO_32_BIT_CONVERSION = YES;
				GCC_WARN_ABOUT_RETURN_TYPE = YES_ERROR;
				GCC_WARN_UNDECLARED_SELECTOR = YES;
				GCC_WARN_UNINITIALIZED_AUTOS = YES_AGGRESSIVE;
				GCC_WARN_UNUSED_FUNCTION = YES;
				GCC_WARN_UNUSED_VARIABLE = YES;
				IPHONEOS_DEPLOYMENT_TARGET = 14.3;
				MTL_ENABLE_DEBUG_INFO = INCLUDE_SOURCE;
				MTL_FAST_MATH = YES;
				ONLY_ACTIVE_ARCH = YES;
				SDKROOT = iphoneos;
				SWIFT_ACTIVE_COMPILATION_CONDITIONS = DEBUG;
				SWIFT_OPTIMIZATION_LEVEL = "-Onone";
			};
			name = Debug;
		};
		845FB1F1259B2C4100CEACA5 /* Release */ = {
			isa = XCBuildConfiguration;
			buildSettings = {
				ALWAYS_SEARCH_USER_PATHS = NO;
				CLANG_ANALYZER_NONNULL = YES;
				CLANG_ANALYZER_NUMBER_OBJECT_CONVERSION = YES_AGGRESSIVE;
				CLANG_CXX_LANGUAGE_STANDARD = "gnu++14";
				CLANG_CXX_LIBRARY = "libc++";
				CLANG_ENABLE_MODULES = YES;
				CLANG_ENABLE_OBJC_ARC = YES;
				CLANG_ENABLE_OBJC_WEAK = YES;
				CLANG_WARN_BLOCK_CAPTURE_AUTORELEASING = YES;
				CLANG_WARN_BOOL_CONVERSION = YES;
				CLANG_WARN_COMMA = YES;
				CLANG_WARN_CONSTANT_CONVERSION = YES;
				CLANG_WARN_DEPRECATED_OBJC_IMPLEMENTATIONS = YES;
				CLANG_WARN_DIRECT_OBJC_ISA_USAGE = YES_ERROR;
				CLANG_WARN_DOCUMENTATION_COMMENTS = YES;
				CLANG_WARN_EMPTY_BODY = YES;
				CLANG_WARN_ENUM_CONVERSION = YES;
				CLANG_WARN_INFINITE_RECURSION = YES;
				CLANG_WARN_INT_CONVERSION = YES;
				CLANG_WARN_NON_LITERAL_NULL_CONVERSION = YES;
				CLANG_WARN_OBJC_IMPLICIT_RETAIN_SELF = YES;
				CLANG_WARN_OBJC_LITERAL_CONVERSION = YES;
				CLANG_WARN_OBJC_ROOT_CLASS = YES_ERROR;
				CLANG_WARN_QUOTED_INCLUDE_IN_FRAMEWORK_HEADER = YES;
				CLANG_WARN_RANGE_LOOP_ANALYSIS = YES;
				CLANG_WARN_STRICT_PROTOTYPES = YES;
				CLANG_WARN_SUSPICIOUS_MOVE = YES;
				CLANG_WARN_UNGUARDED_AVAILABILITY = YES_AGGRESSIVE;
				CLANG_WARN_UNREACHABLE_CODE = YES;
				CLANG_WARN__DUPLICATE_METHOD_MATCH = YES;
				COPY_PHASE_STRIP = NO;
				DEBUG_INFORMATION_FORMAT = "dwarf-with-dsym";
				ENABLE_NS_ASSERTIONS = NO;
				ENABLE_STRICT_OBJC_MSGSEND = YES;
				GCC_C_LANGUAGE_STANDARD = gnu11;
				GCC_NO_COMMON_BLOCKS = YES;
				GCC_WARN_64_TO_32_BIT_CONVERSION = YES;
				GCC_WARN_ABOUT_RETURN_TYPE = YES_ERROR;
				GCC_WARN_UNDECLARED_SELECTOR = YES;
				GCC_WARN_UNINITIALIZED_AUTOS = YES_AGGRESSIVE;
				GCC_WARN_UNUSED_FUNCTION = YES;
				GCC_WARN_UNUSED_VARIABLE = YES;
				IPHONEOS_DEPLOYMENT_TARGET = 14.3;
				MTL_ENABLE_DEBUG_INFO = NO;
				MTL_FAST_MATH = YES;
				SDKROOT = iphoneos;
				SWIFT_COMPILATION_MODE = wholemodule;
				SWIFT_OPTIMIZATION_LEVEL = "-O";
				VALIDATE_PRODUCT = YES;
			};
			name = Release;
		};
		845FB1F3259B2C4100CEACA5 /* Debug */ = {
			isa = XCBuildConfiguration;
			baseConfigurationReference = C82A442D0EC605CB27E66040 /* Pods-CosmeticsDemo.debug.xcconfig */;
			buildSettings = {
				ASSETCATALOG_COMPILER_APPICON_NAME = AppIcon;
				ASSETCATALOG_COMPILER_GLOBAL_ACCENT_COLOR_NAME = AccentColor;
				CODE_SIGN_STYLE = Automatic;
				INFOPLIST_FILE = CosmeticsDemo/Info.plist;
				LD_RUNPATH_SEARCH_PATHS = (
					"$(inherited)",
					"@executable_path/Frameworks",
				);
				PRODUCT_BUNDLE_IDENTIFIER = "-633.CosmeticsDemo";
				PRODUCT_NAME = "$(TARGET_NAME)";
				SWIFT_VERSION = 5.0;
				TARGETED_DEVICE_FAMILY = "1,2";
			};
			name = Debug;
		};
		845FB1F4259B2C4100CEACA5 /* Release */ = {
			isa = XCBuildConfiguration;
			baseConfigurationReference = FDD5DAC700C5B4B43D904EDB /* Pods-CosmeticsDemo.release.xcconfig */;
			buildSettings = {
				ASSETCATALOG_COMPILER_APPICON_NAME = AppIcon;
				ASSETCATALOG_COMPILER_GLOBAL_ACCENT_COLOR_NAME = AccentColor;
				CODE_SIGN_STYLE = Automatic;
				INFOPLIST_FILE = CosmeticsDemo/Info.plist;
				LD_RUNPATH_SEARCH_PATHS = (
					"$(inherited)",
					"@executable_path/Frameworks",
				);
				PRODUCT_BUNDLE_IDENTIFIER = "-633.CosmeticsDemo";
				PRODUCT_NAME = "$(TARGET_NAME)";
				SWIFT_VERSION = 5.0;
				TARGETED_DEVICE_FAMILY = "1,2";
			};
			name = Release;
		};
		845FB1F6259B2C4100CEACA5 /* Debug */ = {
			isa = XCBuildConfiguration;
			baseConfigurationReference = 3C44B7675E00C66CCA41E8FE /* Pods-CosmeticsDemoTests.debug.xcconfig */;
			buildSettings = {
				ALWAYS_EMBED_SWIFT_STANDARD_LIBRARIES = YES;
				BUNDLE_LOADER = "$(TEST_HOST)";
				CODE_SIGN_STYLE = Automatic;
				INFOPLIST_FILE = CosmeticsDemoTests/Info.plist;
				IPHONEOS_DEPLOYMENT_TARGET = 14.3;
				LD_RUNPATH_SEARCH_PATHS = (
					"$(inherited)",
					"@executable_path/Frameworks",
					"@loader_path/Frameworks",
				);
				PRODUCT_BUNDLE_IDENTIFIER = "-633.CosmeticsDemoTests";
				PRODUCT_NAME = "$(TARGET_NAME)";
				SWIFT_VERSION = 5.0;
				TARGETED_DEVICE_FAMILY = "1,2";
				TEST_HOST = "$(BUILT_PRODUCTS_DIR)/CosmeticsDemo.app/CosmeticsDemo";
			};
			name = Debug;
		};
		845FB1F7259B2C4100CEACA5 /* Release */ = {
			isa = XCBuildConfiguration;
			baseConfigurationReference = B97507C4FF9082A59B81A29A /* Pods-CosmeticsDemoTests.release.xcconfig */;
			buildSettings = {
				ALWAYS_EMBED_SWIFT_STANDARD_LIBRARIES = YES;
				BUNDLE_LOADER = "$(TEST_HOST)";
				CODE_SIGN_STYLE = Automatic;
				INFOPLIST_FILE = CosmeticsDemoTests/Info.plist;
				IPHONEOS_DEPLOYMENT_TARGET = 14.3;
				LD_RUNPATH_SEARCH_PATHS = (
					"$(inherited)",
					"@executable_path/Frameworks",
					"@loader_path/Frameworks",
				);
				PRODUCT_BUNDLE_IDENTIFIER = "-633.CosmeticsDemoTests";
				PRODUCT_NAME = "$(TARGET_NAME)";
				SWIFT_VERSION = 5.0;
				TARGETED_DEVICE_FAMILY = "1,2";
				TEST_HOST = "$(BUILT_PRODUCTS_DIR)/CosmeticsDemo.app/CosmeticsDemo";
			};
			name = Release;
		};
		845FB1F9259B2C4100CEACA5 /* Debug */ = {
			isa = XCBuildConfiguration;
			baseConfigurationReference = BAB242BC0ED8C0FFF75EB236 /* Pods-CosmeticsDemo-CosmeticsDemoUITests.debug.xcconfig */;
			buildSettings = {
				ALWAYS_EMBED_SWIFT_STANDARD_LIBRARIES = YES;
				CODE_SIGN_STYLE = Automatic;
				INFOPLIST_FILE = CosmeticsDemoUITests/Info.plist;
				LD_RUNPATH_SEARCH_PATHS = (
					"$(inherited)",
					"@executable_path/Frameworks",
					"@loader_path/Frameworks",
				);
				PRODUCT_BUNDLE_IDENTIFIER = "-633.CosmeticsDemoUITests";
				PRODUCT_NAME = "$(TARGET_NAME)";
				SWIFT_VERSION = 5.0;
				TARGETED_DEVICE_FAMILY = "1,2";
				TEST_TARGET_NAME = CosmeticsDemo;
			};
			name = Debug;
		};
		845FB1FA259B2C4100CEACA5 /* Release */ = {
			isa = XCBuildConfiguration;
			baseConfigurationReference = 5F8A462FC626717A5416E5C3 /* Pods-CosmeticsDemo-CosmeticsDemoUITests.release.xcconfig */;
			buildSettings = {
				ALWAYS_EMBED_SWIFT_STANDARD_LIBRARIES = YES;
				CODE_SIGN_STYLE = Automatic;
				INFOPLIST_FILE = CosmeticsDemoUITests/Info.plist;
				LD_RUNPATH_SEARCH_PATHS = (
					"$(inherited)",
					"@executable_path/Frameworks",
					"@loader_path/Frameworks",
				);
				PRODUCT_BUNDLE_IDENTIFIER = "-633.CosmeticsDemoUITests";
				PRODUCT_NAME = "$(TARGET_NAME)";
				SWIFT_VERSION = 5.0;
				TARGETED_DEVICE_FAMILY = "1,2";
				TEST_TARGET_NAME = CosmeticsDemo;
			};
			name = Release;
		};
/* End XCBuildConfiguration section */

/* Begin XCConfigurationList section */
		845FB1C0259B2C3E00CEACA5 /* Build configuration list for PBXProject "CosmeticsDemo" */ = {
			isa = XCConfigurationList;
			buildConfigurations = (
				845FB1F0259B2C4100CEACA5 /* Debug */,
				845FB1F1259B2C4100CEACA5 /* Release */,
			);
			defaultConfigurationIsVisible = 0;
			defaultConfigurationName = Release;
		};
		845FB1F2259B2C4100CEACA5 /* Build configuration list for PBXNativeTarget "CosmeticsDemo" */ = {
			isa = XCConfigurationList;
			buildConfigurations = (
				845FB1F3259B2C4100CEACA5 /* Debug */,
				845FB1F4259B2C4100CEACA5 /* Release */,
			);
			defaultConfigurationIsVisible = 0;
			defaultConfigurationName = Release;
		};
		845FB1F5259B2C4100CEACA5 /* Build configuration list for PBXNativeTarget "CosmeticsDemoTests" */ = {
			isa = XCConfigurationList;
			buildConfigurations = (
				845FB1F6259B2C4100CEACA5 /* Debug */,
				845FB1F7259B2C4100CEACA5 /* Release */,
			);
			defaultConfigurationIsVisible = 0;
			defaultConfigurationName = Release;
		};
		845FB1F8259B2C4100CEACA5 /* Build configuration list for PBXNativeTarget "CosmeticsDemoUITests" */ = {
			isa = XCConfigurationList;
			buildConfigurations = (
				845FB1F9259B2C4100CEACA5 /* Debug */,
				845FB1FA259B2C4100CEACA5 /* Release */,
			);
			defaultConfigurationIsVisible = 0;
			defaultConfigurationName = Release;
		};
/* End XCConfigurationList section */

/* Begin XCVersionGroup section */
		845FB1D1259B2C3E00CEACA5 /* CosmeticsDemo.xcdatamodeld */ = {
			isa = XCVersionGroup;
			children = (
				845FB1D2259B2C3E00CEACA5 /* CosmeticsDemo.xcdatamodel */,
			);
			currentVersion = 845FB1D2259B2C3E00CEACA5 /* CosmeticsDemo.xcdatamodel */;
			path = CosmeticsDemo.xcdatamodeld;
			sourceTree = "<group>";
			versionGroupType = wrapper.xcdatamodel;
		};
/* End XCVersionGroup section */
	};
	rootObject = 845FB1BD259B2C3E00CEACA5 /* Project object */;
}
